
Microsoft Visual Studio Solution File, Format Version 12.00
# Visual Studio Version 17
VisualStudioVersion = 17.7.34221.43
MinimumVisualStudioVersion = 10.0.40219.1
Project("{FAE04EC0-301F-11D3-BF4B-00C04F79EFBC}") = "SerpinskyTriangle", "SerpinskyTriangle.csproj", "{D7830A1B-B554-4C47-99E5-5D091025CF0B}"
EndProject
Global
	GlobalSection(SolutionConfigurationPlatforms) = preSolution
		Debug|Any CPU = Debug|Any CPU
		Release|Any CPU = Release|Any CPU
	EndGlobalSection
	GlobalSection(ProjectConfigurationPlatforms) = postSolution
		{D7830A1B-B554-4C47-99E5-5D091025CF0B}.Debug|Any CPU.ActiveCfg = Debug|Any CPU
		{D7830A1B-B554-4C47-99E5-5D091025CF0B}.Debug|Any CPU.Build.0 = Debug|Any CPU
		{D7830A1B-B554-4C47-99E5-5D091025CF0B}.Release|Any CPU.ActiveCfg = Release|Any CPU
		{D7830A1B-B554-4C47-99E5-5D091025CF0B}.Release|Any CPU.Build.0 = Release|Any CPU
	EndGlobalSection
	GlobalSection(SolutionProperties) = preSolution
		HideSolutionNode = FALSE
	EndGlobalSection
	GlobalSection(ExtensibilityGlobals) = postSolution
		SolutionGuid = {FBD3A9ED-29ED-43A6-9B16-8796586E30ED}
	EndGlobalSection
EndGlobal
